
Microsoft Visual Studio Solution File, Format Version 12.00
# Visual Studio Version 17
VisualStudioVersion = 17.3.32929.385
MinimumVisualStudioVersion = 10.0.40219.1
Project("{9A19103F-16F7-4668-BE54-9A1E7A4F7556}") = "gRPC_Clientstreaming", "gRPC_Clientstreaming\gRPC_Clientstreaming.csproj", "{3BABD294-EA89-4A2F-8035-9627CF0A4D86}"
EndProject
Project("{FAE04EC0-301F-11D3-BF4B-00C04F79EFBC}") = "Client", "Client\Client.csproj", "{CD64082A-2400-4830-84DC-944FA4E279AE}"
EndProject
Global
	GlobalSection(SolutionConfigurationPlatforms) = preSolution
		Debug|Any CPU = Debug|Any CPU
		Release|Any CPU = Release|Any CPU
	EndGlobalSection
	GlobalSection(ProjectConfigurationPlatforms) = postSolution
		{3BABD294-EA89-4A2F-8035-9627CF0A4D86}.Debug|Any CPU.ActiveCfg = Debug|Any CPU
		{3BABD294-EA89-4A2F-8035-9627CF0A4D86}.Debug|Any CPU.Build.0 = Debug|Any CPU
		{3BABD294-EA89-4A2F-8035-9627CF0A4D86}.Release|Any CPU.ActiveCfg = Release|Any CPU
		{3BABD294-EA89-4A2F-8035-9627CF0A4D86}.Release|Any CPU.Build.0 = Release|Any CPU
		{CD64082A-2400-4830-84DC-944FA4E279AE}.Debug|Any CPU.ActiveCfg = Debug|Any CPU
		{CD64082A-2400-4830-84DC-944FA4E279AE}.Debug|Any CPU.Build.0 = Debug|Any CPU
		{CD64082A-2400-4830-84DC-944FA4E279AE}.Release|Any CPU.ActiveCfg = Release|Any CPU
		{CD64082A-2400-4830-84DC-944FA4E279AE}.Release|Any CPU.Build.0 = Release|Any CPU
	EndGlobalSection
	GlobalSection(SolutionProperties) = preSolution
		HideSolutionNode = FALSE
	EndGlobalSection
	GlobalSection(ExtensibilityGlobals) = postSolution
		SolutionGuid = {51BEFF87-62C8-4F89-9876-D9E4A221434C}
	EndGlobalSection
EndGlobal
